{
  "pins" : [
    {
      "identity" : "atlantis",
      "kind" : "remoteSourceControl",
      "location" : "https://github.com/ProxymanApp/atlantis",
      "state" : {
        "revision" : "cfa72085bce2600b28e47fdbbbfa2d5b96f0392b",
        "version" : "1.22.0"
      }
    },
    {
      "identity" : "qrcode",
      "kind" : "remoteSourceControl",
      "location" : "https://github.com/WalletConnect/QRCode",
      "state" : {
        "revision" : "263f280d2c8144adfb0b6676109846cfc8dd552b",
        "version" : "14.3.1"
      }
    },
    {
      "identity" : "sentry-cocoa",
      "kind" : "remoteSourceControl",
      "location" : "https://github.com/getsentry/sentry-cocoa/",
      "state" : {
        "revision" : "74cf23b2946c92550fb1185612077151497e648e",
        "version" : "8.17.1"
      }
    },
    {
      "identity" : "swift-qrcode-generator",
      "kind" : "remoteSourceControl",
      "location" : "https://github.com/dagronf/swift-qrcode-generator",
      "state" : {
        "revision" : "5ca09b6a2ad190f94aa3d6ddef45b187f8c0343b",
        "version" : "1.0.3"
      }
    },
    {
      "identity" : "swift-snapshot-testing",
      "kind" : "remoteSourceControl",
      "location" : "https://github.com/pointfreeco/swift-snapshot-testing",
      "state" : {
        "revision" : "bb0ea08db8e73324fe6c3727f755ca41a23ff2f4",
        "version" : "1.14.2"
      }
    },
    {
      "identity" : "swift-syntax",
      "kind" : "remoteSourceControl",
      "location" : "https://github.com/apple/swift-syntax.git",
      "state" : {
        "revision" : "74203046135342e4a4a627476dd6caf8b28fe11b",
        "version" : "509.0.0"
      }
    },
    {
      "identity" : "swiftimagereadwrite",
      "kind" : "remoteSourceControl",
      "location" : "https://github.com/dagronf/SwiftImageReadWrite",
      "state" : {
        "revision" : "5596407d1cf61b953b8e658fa8636a471df3c509",
        "version" : "1.1.6"
      }
    },
    {
      "identity" : "walletconnectswiftv2",
      "kind" : "remoteSourceControl",
      "location" : "https://github.com/WalletConnect/WalletConnectSwiftV2",
      "state" : {
        "revision" : "addf9a3688ef5e5d9d148ecbb30ca0fd3132b908",
        "version" : "1.9.8"
      }
    }
  ],
  "version" : 2
}
